<?xml version="1.0" encoding="utf-8"?>
<Project ToolsVersion="4.0" xmlns="http://schemas.microsoft.com/developer/msbuild/2003">
  <ItemGroup>
    <Filter Include="core">
      <UniqueIdentifier>{6c3053be-22bb-4b85-b741-4fe23a64e619}</UniqueIdentifier>
    </Filter>
    <Filter Include="sources">
      <UniqueIdentifier>{4c98a506-9518-42ee-87af-3f30f331bfc3}</UniqueIdentifier>
    </Filter>
  </ItemGroup>
  <ItemGroup>
    <ClCompile Include="sources\library_linkage.cpp">
      <Filter>core</Filter>
    </ClCompile>
    <ClCompile Include="sources\pch.cpp">
      <Filter>core</Filter>
    </ClCompile>
    <ClCompile Include="sources\debug_client.cpp">
      <Filter>sources</Filter>
    </ClCompile>
    <ClCompile Include="sources\entry_point.cpp" />
  </ItemGroup>
  <ItemGroup>
    <ClInclude Include="sources\memory.h">
      <Filter>core</Filter>
    </ClInclude>
    <ClInclude Include="sources\pch.h">
      <Filter>core</Filter>
    </ClInclude>
    <ClInclude Include="sources\debug_client.h">
      <Filter>sources</Filter>
    </ClInclude>
  </ItemGroup>
</Project>